
Microsoft Visual Studio Solution File, Format Version 12.00
# Visual Studio Version 17
VisualStudioVersion = 17.8.34330.188
MinimumVisualStudioVersion = 10.0.40219.1
Project("{FAE04EC0-301F-11D3-BF4B-00C04F79EFBC}") = "Base64toPNG", "Base64toPNG\Base64toPNG.csproj", "{2DB32863-E2C4-423F-9195-5019500B9AD4}"
EndProject
Global
	GlobalSection(SolutionConfigurationPlatforms) = preSolution
		Debug|Any CPU = Debug|Any CPU
		Release|Any CPU = Release|Any CPU
	EndGlobalSection
	GlobalSection(ProjectConfigurationPlatforms) = postSolution
		{2DB32863-E2C4-423F-9195-5019500B9AD4}.Debug|Any CPU.ActiveCfg = Debug|Any CPU
		{2DB32863-E2C4-423F-9195-5019500B9AD4}.Debug|Any CPU.Build.0 = Debug|Any CPU
		{2DB32863-E2C4-423F-9195-5019500B9AD4}.Release|Any CPU.ActiveCfg = Release|Any CPU
		{2DB32863-E2C4-423F-9195-5019500B9AD4}.Release|Any CPU.Build.0 = Release|Any CPU
	EndGlobalSection
	GlobalSection(SolutionProperties) = preSolution
		HideSolutionNode = FALSE
	EndGlobalSection
	GlobalSection(ExtensibilityGlobals) = postSolution
		SolutionGuid = {30415376-13D9-4E6B-8AE9-9B919CF579A9}
	EndGlobalSection
EndGlobal
